
Microsoft Visual Studio Solution File, Format Version 12.00
# Visual Studio Version 17
VisualStudioVersion = 17.0.31912.275
MinimumVisualStudioVersion = 10.0.40219.1
Project("{9A19103F-16F7-4668-BE54-9A1E7A4F7556}") = "Daycoval.Solid.Domain", "Daycoval.Solid.Domain\Daycoval.Solid.Domain.csproj", "{E6CBAE77-CEA4-4C9F-AD74-17B8C8612756}"
EndProject
Project("{FAE04EC0-301F-11D3-BF4B-00C04F79EFBC}") = "Solid.Domain.Tests", "Solid.Domain.Tests\Solid.Domain.Tests.csproj", "{9BAED68D-2C62-4FDA-838C-743AE041514F}"
EndProject
Global
	GlobalSection(SolutionConfigurationPlatforms) = preSolution
		Debug|Any CPU = Debug|Any CPU
		Release|Any CPU = Release|Any CPU
	EndGlobalSection
	GlobalSection(ProjectConfigurationPlatforms) = postSolution
		{E6CBAE77-CEA4-4C9F-AD74-17B8C8612756}.Debug|Any CPU.ActiveCfg = Debug|Any CPU
		{E6CBAE77-CEA4-4C9F-AD74-17B8C8612756}.Debug|Any CPU.Build.0 = Debug|Any CPU
		{E6CBAE77-CEA4-4C9F-AD74-17B8C8612756}.Release|Any CPU.ActiveCfg = Release|Any CPU
		{E6CBAE77-CEA4-4C9F-AD74-17B8C8612756}.Release|Any CPU.Build.0 = Release|Any CPU
		{9BAED68D-2C62-4FDA-838C-743AE041514F}.Debug|Any CPU.ActiveCfg = Debug|Any CPU
		{9BAED68D-2C62-4FDA-838C-743AE041514F}.Debug|Any CPU.Build.0 = Debug|Any CPU
		{9BAED68D-2C62-4FDA-838C-743AE041514F}.Release|Any CPU.ActiveCfg = Release|Any CPU
		{9BAED68D-2C62-4FDA-838C-743AE041514F}.Release|Any CPU.Build.0 = Release|Any CPU
	EndGlobalSection
	GlobalSection(SolutionProperties) = preSolution
		HideSolutionNode = FALSE
	EndGlobalSection
	GlobalSection(ExtensibilityGlobals) = postSolution
		SolutionGuid = {73AE1630-F534-463F-93D9-2B53AC7FB8DD}
	EndGlobalSection
EndGlobal
